name: 'Lock Threads'

on:
  schedule:
    - cron: '0 0 * * *'

permissions:
  issues: write
  pull-requests: write

jobs:
  action:
    runs-on: ubuntu-latest
    steps:
      - name: Harden the runner (Audit all outbound calls)
        uses: step-security/harden-runner@a5ad31d6a139d249332a2605b85202e8c0b78450 # v2.19.1
        with:
          egress-policy: audit

      - uses: dessant/lock-threads@1bf7ec25051fe7c00bdd17e6a7cf3d7bfb7dc771 #v5.0.1
        with:
          issue-lock-comment: >
            This thread has been automatically locked because it has not had
            recent activity after it was closed. :lock: Please open a new issue
            for regressions or related bugs.
          issue-lock-reason: ''
          pr-lock-reason: ''
